// !$*UTF8*$!
{
	archiveVersion = 1;
	classes = {
	};
	objectVersion = 50;
	objects = {

/* Begin PBXBuildFile section */
		3F7D10552410404500559A96 /* AppDelegate.swift in Sources */ = {isa = PBXBuildFile; fileRef = 3F7D10542410404500559A96 /* AppDelegate.swift */; };
		3F7D10572410404500559A96 /* SceneDelegate.swift in Sources */ = {isa = PBXBuildFile; fileRef = 3F7D10562410404500559A96 /* SceneDelegate.swift */; };
		3F7D105C2410404500559A96 /* Main.storyboard in Resources */ = {isa = PBXBuildFile; fileRef = 3F7D105A2410404500559A96 /* Main.storyboard */; };
		3F7D105E2410404700559A96 /* Assets.xcassets in Resources */ = {isa = PBXBuildFile; fileRef = 3F7D105D2410404700559A96 /* Assets.xcassets */; };
		3F7D10612410404700559A96 /* LaunchScreen.storyboard in Resources */ = {isa = PBXBuildFile; fileRef = 3F7D105F2410404700559A96 /* LaunchScreen.storyboard */; };
		3F7D106A241040E600559A96 /* DataModel.swift in Sources */ = {isa = PBXBuildFile; fileRef = 3F7D1069241040E600559A96 /* DataModel.swift */; };
		3F7D106C2410475200559A96 /* WeatherGetter.swift in Sources */ = {isa = PBXBuildFile; fileRef = 3F7D106B2410475200559A96 /* WeatherGetter.swift */; };
		3F7D106E2410487300559A96 /* WeatherTableViewController.swift in Sources */ = {isa = PBXBuildFile; fileRef = 3F7D106D2410487300559A96 /* WeatherTableViewController.swift */; };
		3F7D107224104E3E00559A96 /* Cell.swift in Sources */ = {isa = PBXBuildFile; fileRef = 3F7D107124104E3E00559A96 /* Cell.swift */; };
		3FC5486F24105D18001CC2CF /* WeatherViewController.swift in Sources */ = {isa = PBXBuildFile; fileRef = 3FC5486E24105D18001CC2CF /* WeatherViewController.swift */; };
/* End PBXBuildFile section */

/* Begin PBXFileReference section */
		3F7D10512410404500559A96 /* iOS-WeatherApp.app */ = {isa = PBXFileReference; explicitFileType = wrapper.application; includeInIndex = 0; path = "iOS-WeatherApp.app"; sourceTree = BUILT_PRODUCTS_DIR; };
		3F7D10542410404500559A96 /* AppDelegate.swift */ = {isa = PBXFileReference; lastKnownFileType = sourcecode.swift; path = AppDelegate.swift; sourceTree = "<group>"; };
		3F7D10562410404500559A96 /* SceneDelegate.swift */ = {isa = PBXFileReference; lastKnownFileType = sourcecode.swift; path = SceneDelegate.swift; sourceTree = "<group>"; };
		3F7D105B2410404500559A96 /* Base */ = {isa = PBXFileReference; lastKnownFileType = file.storyboard; name = Base; path = Base.lproj/Main.storyboard; sourceTree = "<group>"; };
		3F7D105D2410404700559A96 /* Assets.xcassets */ = {isa = PBXFileReference; lastKnownFileType = folder.assetcatalog; path = Assets.xcassets; sourceTree = "<group>"; };
		3F7D10602410404700559A96 /* Base */ = {isa = PBXFileReference; lastKnownFileType = file.storyboard; name = Base; path = Base.lproj/LaunchScreen.storyboard; sourceTree = "<group>"; };
		3F7D10622410404700559A96 /* Info.plist */ = {isa = PBXFileReference; lastKnownFileType = text.plist.xml; path = Info.plist; sourceTree = "<group>"; };
		3F7D1069241040E600559A96 /* DataModel.swift */ = {isa = PBXFileReference; lastKnownFileType = sourcecode.swift; path = DataModel.swift; sourceTree = "<group>"; };
		3F7D106B2410475200559A96 /* WeatherGetter.swift */ = {isa = PBXFileReference; lastKnownFileType = sourcecode.swift; path = WeatherGetter.swift; sourceTree = "<group>"; };
		3F7D106D2410487300559A96 /* WeatherTableViewController.swift */ = {isa = PBXFileReference; lastKnownFileType = sourcecode.swift; path = WeatherTableViewController.swift; sourceTree = "<group>"; };
		3F7D107124104E3E00559A96 /* Cell.swift */ = {isa = PBXFileReference; lastKnownFileType = sourcecode.swift; path = Cell.swift; sourceTree = "<group>"; };
		3FC5486E24105D18001CC2CF /* WeatherViewController.swift */ = {isa = PBXFileReference; fileEncoding = 4; lastKnownFileType = sourcecode.swift; path = WeatherViewController.swift; sourceTree = "<group>"; };
/* End PBXFileReference section */

/* Begin PBXFrameworksBuildPhase section */
		3F7D104E2410404500559A96 /* Frameworks */ = {
			isa = PBXFrameworksBuildPhase;
			buildActionMask = 2147483647;
			files = (
			);
			runOnlyForDeploymentPostprocessing = 0;
		};
/* End PBXFrameworksBuildPhase section */

/* Begin PBXGroup section */
		3F7D10482410404500559A96 = {
			isa = PBXGroup;
			children = (
				3F7D10532410404500559A96 /* iOS-WeatherApp */,
				3F7D10522410404500559A96 /* Products */,
			);
			sourceTree = "<group>";
		};
		3F7D10522410404500559A96 /* Products */ = {
			isa = PBXGroup;
			children = (
				3F7D10512410404500559A96 /* iOS-WeatherApp.app */,
			);
			name = Products;
			sourceTree = "<group>";
		};
		3F7D10532410404500559A96 /* iOS-WeatherApp */ = {
			isa = PBXGroup;
			children = (
				3F7D10542410404500559A96 /* AppDelegate.swift */,
				3F7D10562410404500559A96 /* SceneDelegate.swift */,
				3F7D1069241040E600559A96 /* DataModel.swift */,
				3F7D106D2410487300559A96 /* WeatherTableViewController.swift */,
				3FC5486E24105D18001CC2CF /* WeatherViewController.swift */,
				3F7D107124104E3E00559A96 /* Cell.swift */,
				3F7D106B2410475200559A96 /* WeatherGetter.swift */,
				3F7D105A2410404500559A96 /* Main.storyboard */,
				3F7D105D2410404700559A96 /* Assets.xcassets */,
				3F7D105F2410404700559A96 /* LaunchScreen.storyboard */,
				3F7D10622410404700559A96 /* Info.plist */,
			);
			path = "iOS-WeatherApp";
			sourceTree = "<group>";
		};
/* End PBXGroup section */

/* Begin PBXNativeTarget section */
		3F7D10502410404500559A96 /* iOS-WeatherApp */ = {
			isa = PBXNativeTarget;
			buildConfigurationList = 3F7D10652410404700559A96 /* Build configuration list for PBXNativeTarget "iOS-WeatherApp" */;
			buildPhases = (
				3F7D104D2410404500559A96 /* Sources */,
				3F7D104E2410404500559A96 /* Frameworks */,
				3F7D104F2410404500559A96 /* Resources */,
			);
			buildRules = (
			);
			dependencies = (
			);
			name = "iOS-WeatherApp";
			productName = WeatherForecast;
			productReference = 3F7D10512410404500559A96 /* iOS-WeatherApp.app */;
			productType = "com.apple.product-type.application";
		};
/* End PBXNativeTarget section */

/* Begin PBXProject section */
		3F7D10492410404500559A96 /* Project object */ = {
			isa = PBXProject;
			attributes = {
				LastSwiftUpdateCheck = 1130;
				LastUpgradeCheck = 1130;
				ORGANIZATIONNAME = "Dmitry Aksyonov";
				TargetAttributes = {
					3F7D10502410404500559A96 = {
						CreatedOnToolsVersion = 11.3.1;
					};
				};
			};
			buildConfigurationList = 3F7D104C2410404500559A96 /* Build configuration list for PBXProject "iOS-WeatherApp" */;
			compatibilityVersion = "Xcode 9.3";
			developmentRegion = en;
			hasScannedForEncodings = 0;
			knownRegions = (
				en,
				Base,
			);
			mainGroup = 3F7D10482410404500559A96;
			productRefGroup = 3F7D10522410404500559A96 /* Products */;
			projectDirPath = "";
			projectRoot = "";
			targets = (
				3F7D10502410404500559A96 /* iOS-WeatherApp */,
			);
		};
/* End PBXProject section */

/* Begin PBXResourcesBuildPhase section */
		3F7D104F2410404500559A96 /* Resources */ = {
			isa = PBXResourcesBuildPhase;
			buildActionMask = 2147483647;
			files = (
				3F7D10612410404700559A96 /* LaunchScreen.storyboard in Resources */,
				3F7D105E2410404700559A96 /* Assets.xcassets in Resources */,
				3F7D105C2410404500559A96 /* Main.storyboard in Resources */,
			);
			runOnlyForDeploymentPostprocessing = 0;
		};
/* End PBXResourcesBuildPhase section */

/* Begin PBXSourcesBuildPhase section */
		3F7D104D2410404500559A96 /* Sources */ = {
			isa = PBXSourcesBuildPhase;
			buildActionMask = 2147483647;
			files = (
				3F7D106C2410475200559A96 /* WeatherGetter.swift in Sources */,
				3F7D106E2410487300559A96 /* WeatherTableViewController.swift in Sources */,
				3F7D107224104E3E00559A96 /* Cell.swift in Sources */,
				3F7D106A241040E600559A96 /* DataModel.swift in Sources */,
				3FC5486F24105D18001CC2CF /* WeatherViewController.swift in Sources */,
				3F7D10552410404500559A96 /* AppDelegate.swift in Sources */,
				3F7D10572410404500559A96 /* SceneDelegate.swift in Sources */,
			);
			runOnlyForDeploymentPostprocessing = 0;
		};
/* End PBXSourcesBuildPhase section */

/* Begin PBXVariantGroup section */
		3F7D105A2410404500559A96 /* Main.storyboard */ = {
			isa = PBXVariantGroup;
			children = (
				3F7D105B2410404500559A96 /* Base */,
			);
			name = Main.storyboard;
			sourceTree = "<group>";
		};
		3F7D105F2410404700559A96 /* LaunchScreen.storyboard */ = {
			isa = PBXVariantGroup;
			children = (
				3F7D10602410404700559A96 /* Base */,
			);
			name = LaunchScreen.storyboard;
			sourceTree = "<group>";
		};
/* End PBXVariantGroup section */

/* Begin XCBuildConfiguration section */
		3F7D10632410404700559A96 /* Debug */ = {
			isa = XCBuildConfiguration;
			buildSettings = {
				ALWAYS_SEARCH_USER_PATHS = NO;
				CLANG_ANALYZER_NONNULL = YES;
				CLANG_ANALYZER_NUMBER_OBJECT_CONVERSION = YES_AGGRESSIVE;
				CLANG_CXX_LANGUAGE_STANDARD = "gnu++14";
				CLANG_CXX_LIBRARY = "libc++";
				CLANG_ENABLE_MODULES = YES;
				CLANG_ENABLE_OBJC_ARC = YES;
				CLANG_ENABLE_OBJC_WEAK = YES;
				CLANG_WARN_BLOCK_CAPTURE_AUTORELEASING = YES;
				CLANG_WARN_BOOL_CONVERSION = YES;
				CLANG_WARN_COMMA = YES;
				CLANG_WARN_CONSTANT_CONVERSION = YES;
				CLANG_WARN_DEPRECATED_OBJC_IMPLEMENTATIONS = YES;
				CLANG_WARN_DIRECT_OBJC_ISA_USAGE = YES_ERROR;
				CLANG_WARN_DOCUMENTATION_COMMENTS = YES;
				CLANG_WARN_EMPTY_BODY = YES;
				CLANG_WARN_ENUM_CONVERSION = YES;
				CLANG_WARN_INFINITE_RECURSION = YES;
				CLANG_WARN_INT_CONVERSION = YES;
				CLANG_WARN_NON_LITERAL_NULL_CONVERSION = YES;
				CLANG_WARN_OBJC_IMPLICIT_RETAIN_SELF = YES;
				CLANG_WARN_OBJC_LITERAL_CONVERSION = YES;
				CLANG_WARN_OBJC_ROOT_CLASS = YES_ERROR;
				CLANG_WARN_RANGE_LOOP_ANALYSIS = YES;
				CLANG_WARN_STRICT_PROTOTYPES = YES;
				CLANG_WARN_SUSPICIOUS_MOVE = YES;
				CLANG_WARN_UNGUARDED_AVAILABILITY = YES_AGGRESSIVE;
				CLANG_WARN_UNREACHABLE_CODE = YES;
				CLANG_WARN__DUPLICATE_METHOD_MATCH = YES;
				COPY_PHASE_STRIP = NO;
				DEBUG_INFORMATION_FORMAT = dwarf;
				ENABLE_STRICT_OBJC_MSGSEND = YES;
				ENABLE_TESTABILITY = YES;
				GCC_C_LANGUAGE_STANDARD = gnu11;
				GCC_DYNAMIC_NO_PIC = NO;
				GCC_NO_COMMON_BLOCKS = YES;
				GCC_OPTIMIZATION_LEVEL = 0;
				GCC_PREPROCESSOR_DEFINITIONS = (
					"DEBUG=1",
					"$(inherited)",
				);
				GCC_WARN_64_TO_32_BIT_CONVERSION = YES;
				GCC_WARN_ABOUT_RETURN_TYPE = YES_ERROR;
				GCC_WARN_UNDECLARED_SELECTOR = YES;
				GCC_WARN_UNINITIALIZED_AUTOS = YES_AGGRESSIVE;
				GCC_WARN_UNUSED_FUNCTION = YES;
				GCC_WARN_UNUSED_VARIABLE = YES;
				IPHONEOS_DEPLOYMENT_TARGET = 13.2;
				MTL_ENABLE_DEBUG_INFO = INCLUDE_SOURCE;
				MTL_FAST_MATH = YES;
				ONLY_ACTIVE_ARCH = YES;
				SDKROOT = iphoneos;
				SWIFT_ACTIVE_COMPILATION_CONDITIONS = DEBUG;
				SWIFT_OPTIMIZATION_LEVEL = "-Onone";
			};
			name = Debug;
		};
		3F7D10642410404700559A96 /* Release */ = {
			isa = XCBuildConfiguration;
			buildSettings = {
				ALWAYS_SEARCH_USER_PATHS = NO;
				CLANG_ANALYZER_NONNULL = YES;
				CLANG_ANALYZER_NUMBER_OBJECT_CONVERSION = YES_AGGRESSIVE;
				CLANG_CXX_LANGUAGE_STANDARD = "gnu++14";
				CLANG_CXX_LIBRARY = "libc++";
				CLANG_ENABLE_MODULES = YES;
				CLANG_ENABLE_OBJC_ARC = YES;
				CLANG_ENABLE_OBJC_WEAK = YES;
				CLANG_WARN_BLOCK_CAPTURE_AUTORELEASING = YES;
				CLANG_WARN_BOOL_CONVERSION = YES;
				CLANG_WARN_COMMA = YES;
				CLANG_WARN_CONSTANT_CONVERSION = YES;
				CLANG_WARN_DEPRECATED_OBJC_IMPLEMENTATIONS = YES;
				CLANG_WARN_DIRECT_OBJC_ISA_USAGE = YES_ERROR;
				CLANG_WARN_DOCUMENTATION_COMMENTS = YES;
				CLANG_WARN_EMPTY_BODY = YES;
				CLANG_WARN_ENUM_CONVERSION = YES;
				CLANG_WARN_INFINITE_RECURSION = YES;
				CLANG_WARN_INT_CONVERSION = YES;
				CLANG_WARN_NON_LITERAL_NULL_CONVERSION = YES;
				CLANG_WARN_OBJC_IMPLICIT_RETAIN_SELF = YES;
				CLANG_WARN_OBJC_LITERAL_CONVERSION = YES;
				CLANG_WARN_OBJC_ROOT_CLASS = YES_ERROR;
				CLANG_WARN_RANGE_LOOP_ANALYSIS = YES;
				CLANG_WARN_STRICT_PROTOTYPES = YES;
				CLANG_WARN_SUSPICIOUS_MOVE = YES;
				CLANG_WARN_UNGUARDED_AVAILABILITY = YES_AGGRESSIVE;
				CLANG_WARN_UNREACHABLE_CODE = YES;
				CLANG_WARN__DUPLICATE_METHOD_MATCH = YES;
				COPY_PHASE_STRIP = NO;
				DEBUG_INFORMATION_FORMAT = "dwarf-with-dsym";
				ENABLE_NS_ASSERTIONS = NO;
				ENABLE_STRICT_OBJC_MSGSEND = YES;
				GCC_C_LANGUAGE_STANDARD = gnu11;
				GCC_NO_COMMON_BLOCKS = YES;
				GCC_WARN_64_TO_32_BIT_CONVERSION = YES;
				GCC_WARN_ABOUT_RETURN_TYPE = YES_ERROR;
				GCC_WARN_UNDECLARED_SELECTOR = YES;
				GCC_WARN_UNINITIALIZED_AUTOS = YES_AGGRESSIVE;
				GCC_WARN_UNUSED_FUNCTION = YES;
				GCC_WARN_UNUSED_VARIABLE = YES;
				IPHONEOS_DEPLOYMENT_TARGET = 13.2;
				MTL_ENABLE_DEBUG_INFO = NO;
				MTL_FAST_MATH = YES;
				SDKROOT = iphoneos;
				SWIFT_COMPILATION_MODE = wholemodule;
				SWIFT_OPTIMIZATION_LEVEL = "-O";
				VALIDATE_PRODUCT = YES;
			};
			name = Release;
		};
		3F7D10662410404700559A96 /* Debug */ = {
			isa = XCBuildConfiguration;
			buildSettings = {
				ASSETCATALOG_COMPILER_APPICON_NAME = AppIcon;
				CODE_SIGN_STYLE = Automatic;
				DEVELOPMENT_TEAM = FH9R39U9P3;
				INFOPLIST_FILE = WeatherForecast/Info.plist;
				LD_RUNPATH_SEARCH_PATHS = (
					"$(inherited)",
					"@executable_path/Frameworks",
				);
				PRODUCT_BUNDLE_IDENTIFIER = wcgb.WeatherForecast;
				PRODUCT_NAME = "$(TARGET_NAME)";
				SWIFT_VERSION = 5.0;
				TARGETED_DEVICE_FAMILY = "1,2";
			};
			name = Debug;
		};
		3F7D10672410404700559A96 /* Release */ = {
			isa = XCBuildConfiguration;
			buildSettings = {
				ASSETCATALOG_COMPILER_APPICON_NAME = AppIcon;
				CODE_SIGN_STYLE = Automatic;
				DEVELOPMENT_TEAM = FH9R39U9P3;
				INFOPLIST_FILE = WeatherForecast/Info.plist;
				LD_RUNPATH_SEARCH_PATHS = (
					"$(inherited)",
					"@executable_path/Frameworks",
				);
				PRODUCT_BUNDLE_IDENTIFIER = wcgb.WeatherForecast;
				PRODUCT_NAME = "$(TARGET_NAME)";
				SWIFT_VERSION = 5.0;
				TARGETED_DEVICE_FAMILY = "1,2";
			};
			name = Release;
		};
/* End XCBuildConfiguration section */

/* Begin XCConfigurationList section */
		3F7D104C2410404500559A96 /* Build configuration list for PBXProject "iOS-WeatherApp" */ = {
			isa = XCConfigurationList;
			buildConfigurations = (
				3F7D10632410404700559A96 /* Debug */,
				3F7D10642410404700559A96 /* Release */,
			);
			defaultConfigurationIsVisible = 0;
			defaultConfigurationName = Release;
		};
		3F7D10652410404700559A96 /* Build configuration list for PBXNativeTarget "iOS-WeatherApp" */ = {
			isa = XCConfigurationList;
			buildConfigurations = (
				3F7D10662410404700559A96 /* Debug */,
				3F7D10672410404700559A96 /* Release */,
			);
			defaultConfigurationIsVisible = 0;
			defaultConfigurationName = Release;
		};
/* End XCConfigurationList section */
	};
	rootObject = 3F7D10492410404500559A96 /* Project object */;
}
